
Microsoft Visual Studio Solution File, Format Version 12.00
# Visual Studio 15
VisualStudioVersion = 15.0.28307.1062
MinimumVisualStudioVersion = 10.0.40219.1
Project("{2150E333-8FDC-42A3-9474-1A3956D46DE8}") = "01-solution-itmes", "01-solution-itmes", "{60AAB607-DCEC-4C93-A5F1-6BEBB28CD9BE}"
EndProject
Project("{2150E333-8FDC-42A3-9474-1A3956D46DE8}") = "02-src", "02-src", "{D13FEECE-930B-4858-A01E-7BD1508EF915}"
EndProject
Project("{2150E333-8FDC-42A3-9474-1A3956D46DE8}") = "03-test", "03-test", "{198C4EE1-193E-48F7-8DEB-A4618EBF89E9}"
EndProject
Project("{2150E333-8FDC-42A3-9474-1A3956D46DE8}") = "04-samples", "04-samples", "{978CD7F1-F1D8-4750-B00B-92195C12924A}"
EndProject
Project("{9A19103F-16F7-4668-BE54-9A1E7A4F7556}") = "Kay.Framework", "Kay.Framework\Kay.Framework.csproj", "{46408F9F-291A-4C59-A117-A38CCDE7169D}"
EndProject
Project("{9A19103F-16F7-4668-BE54-9A1E7A4F7556}") = "Kay.Framework.Application", "Kay.Framework.Application\Kay.Framework.Application.csproj", "{6E20E997-CAD7-4711-86FB-0F6A02267771}"
EndProject
Project("{2150E333-8FDC-42A3-9474-1A3956D46DE8}") = "Domain", "Domain", "{6E53F631-17CA-4B23-9283-642A37F29470}"
EndProject
Project("{9A19103F-16F7-4668-BE54-9A1E7A4F7556}") = "Kay.Framework.Domain.Dapper", "Kay.Framework.Domain.Dapper\Kay.Framework.Domain.Dapper.csproj", "{C466DE03-2B97-429E-9A5A-15D100222FE0}"
EndProject
Project("{2150E333-8FDC-42A3-9474-1A3956D46DE8}") = "ORM", "ORM", "{89F9E7F4-63E5-4DC6-97A0-EFD899702989}"
EndProject
Project("{9A19103F-16F7-4668-BE54-9A1E7A4F7556}") = "Kay.Framework.Domain.EntityFrameworkCore", "Kay.Framework.Domain.EntityFrameworkCore\Kay.Framework.Domain.EntityFrameworkCore.csproj", "{09A3D679-1617-4BD4-AD1F-57D2121C5EE4}"
EndProject
Project("{9A19103F-16F7-4668-BE54-9A1E7A4F7556}") = "Kay.Framework.Domain", "Kay.Framework.Domain\Kay.Framework.Domain.csproj", "{15024AF5-0530-4F18-A001-653705B30241}"
EndProject
Project("{9A19103F-16F7-4668-BE54-9A1E7A4F7556}") = "Kay.Framework.Utility", "Kay.Framework.Utility\Kay.Framework.Utility.csproj", "{55CEE1A3-5FBA-44EA-8A7D-21B8B5E6E76B}"
EndProject
Project("{2150E333-8FDC-42A3-9474-1A3956D46DE8}") = "Runtime", "Runtime", "{030A6595-34D9-477F-9EFB-49A3C169DC8A}"
EndProject
Project("{2150E333-8FDC-42A3-9474-1A3956D46DE8}") = "ObjectMapping", "ObjectMapping", "{5BDB16EA-C3F2-4363-AEF5-D4A5649FC078}"
EndProject
Project("{9A19103F-16F7-4668-BE54-9A1E7A4F7556}") = "Kay.Framework.ObjectMapping.Abstractions", "Kay.Framework.ObjectMapping.Abstractions\Kay.Framework.ObjectMapping.Abstractions.csproj", "{534D19BC-F581-4A6C-B7C3-66A87EDB532C}"
EndProject
Project("{9A19103F-16F7-4668-BE54-9A1E7A4F7556}") = "Kay.Framework.ObjectMapping.TinyMapper", "Kay.Framework.ObjectMapping.TinyMapper\Kay.Framework.ObjectMapping.TinyMapper.csproj", "{1B905C34-5DA2-4B23-8A40-310122C436C8}"
EndProject
Project("{9A19103F-16F7-4668-BE54-9A1E7A4F7556}") = "Kay.Framework.ObjectMapping.TinyMapper.Tests", "Kay.Framework.ObjectMapping.TinyMapper.Tests\Kay.Framework.ObjectMapping.TinyMapper.Tests.csproj", "{4B223F89-29A6-4313-8916-D6D72AF78DA6}"
EndProject
Project("{9A19103F-16F7-4668-BE54-9A1E7A4F7556}") = "Test", "Test\Test.csproj", "{B1006FA6-89FD-4B73-A84E-7EDA3DDD86D6}"
EndProject
Project("{9A19103F-16F7-4668-BE54-9A1E7A4F7556}") = "Kay.Framework.Authorization", "Kay.Framework.Authorization\Kay.Framework.Authorization.csproj", "{A4F9D7E0-09BE-40B2-A17B-BBC788CD8077}"
EndProject
Project("{9A19103F-16F7-4668-BE54-9A1E7A4F7556}") = "Kay.Framework.AspNetCore", "Kay.Framework.AspNetCore\Kay.Framework.AspNetCore.csproj", "{A95B3C4D-06B3-4CD3-B64A-445997BF2C6C}"
EndProject
Project("{9A19103F-16F7-4668-BE54-9A1E7A4F7556}") = "Kay.Framework.AspNetCore.Mvc", "Kay.Framework.AspNetCore.Mvc\Kay.Framework.AspNetCore.Mvc.csproj", "{742339C9-3A4C-436D-905A-C38929A1C3DC}"
EndProject
Project("{9A19103F-16F7-4668-BE54-9A1E7A4F7556}") = "Kay.Framework.EntityFrameworkCore.MySQL", "Kay.Framework.EntityFrameworkCore.MySQL\Kay.Framework.EntityFrameworkCore.MySQL.csproj", "{38277604-A4F8-45DE-9F2B-76167FACCDBD}"
EndProject
Project("{9A19103F-16F7-4668-BE54-9A1E7A4F7556}") = "Kay.Framework.EntityFrameworkCore.SqlServer", "Kay.Framework.EntityFrameworkCore.SqlServer\Kay.Framework.EntityFrameworkCore.SqlServer.csproj", "{AEC089DA-FE11-43C4-8A50-49432D01C077}"
EndProject
Project("{9A19103F-16F7-4668-BE54-9A1E7A4F7556}") = "Kay.Framework.EntityFrameworkCore.Oracle", "Kay.Framework.EntityFrameworkCore.Oracle\Kay.Framework.EntityFrameworkCore.Oracle.csproj", "{3A0B9778-307C-4722-9A2A-3D9783EB0D10}"
EndProject
Project("{2150E333-8FDC-42A3-9474-1A3956D46DE8}") = "Application", "Application", "{9FCF77FC-416F-4659-BF7B-94E0E591D146}"
EndProject
Project("{2150E333-8FDC-42A3-9474-1A3956D46DE8}") = "Domain", "Domain", "{0038420E-0C0B-4A9A-B858-070AD8DA3029}"
EndProject
Project("{2150E333-8FDC-42A3-9474-1A3956D46DE8}") = "Infrastructure", "Infrastructure", "{A5A6ED46-1DFF-4A0F-A7AB-CC40A40DF701}"
EndProject
Project("{9A19103F-16F7-4668-BE54-9A1E7A4F7556}") = "Kay.Boilerplate.Application.Service.Http", "Kay.Boilerplate.Application.Service.Http\Kay.Boilerplate.Application.Service.Http.csproj", "{0850C82F-64F2-4A77-AD26-E6211BDA27EB}"
EndProject
Project("{9A19103F-16F7-4668-BE54-9A1E7A4F7556}") = "Kay.Boilerplate.Infrastructure.BoundedContext.Ef", "Kay.Boilerplate.Infrastructure.BoundedContext.Ef\Kay.Boilerplate.Infrastructure.BoundedContext.Ef.csproj", "{F8E7220F-7CB9-445A-A0BC-41C9F688E454}"
EndProject
Project("{9A19103F-16F7-4668-BE54-9A1E7A4F7556}") = "Kay.Boilerplate.Domain", "Kay.Boilerplate.Domain\Kay.Boilerplate.Domain.csproj", "{C09BB40B-BC74-47DB-A461-C10FCA20513E}"
EndProject
Project("{9A19103F-16F7-4668-BE54-9A1E7A4F7556}") = "Kay.Boilerplate.ApplicationService", "Kay.Boilerplate.ApplicationService\Kay.Boilerplate.ApplicationService.csproj", "{20C5957D-B992-4132-B39E-EA99331680A5}"
EndProject
Project("{2150E333-8FDC-42A3-9474-1A3956D46DE8}") = "Caching", "Caching", "{391A39A8-A36B-4C67-8F5B-5C1AD2198EFC}"
EndProject
Project("{9A19103F-16F7-4668-BE54-9A1E7A4F7556}") = "Kay.Framework.Redis", "Kay.Framework.Redis\Kay.Framework.Redis.csproj", "{A86A478A-717A-4C69-B5E1-9DF58CC55723}"
EndProject
Project("{2150E333-8FDC-42A3-9474-1A3956D46DE8}") = "Swagger", "Swagger", "{DB7640D7-7F96-4735-B173-6652CACC053F}"
EndProject
Project("{9A19103F-16F7-4668-BE54-9A1E7A4F7556}") = "Kay.Framework.Swagger", "Kay.Framework.Swagger\Kay.Framework.Swagger.csproj", "{1035E0EC-7DC5-4E66-9B4C-C426046FED5E}"
EndProject
Project("{9A19103F-16F7-4668-BE54-9A1E7A4F7556}") = "Kay.Boilerplate.Infrastructure.Treasure", "Kay.Boilerplate.Infrastructure.Treasure\Kay.Boilerplate.Infrastructure.Treasure.csproj", "{B6B5A06E-D68F-4F2D-91D9-FAF247F74995}"
EndProject
Project("{2150E333-8FDC-42A3-9474-1A3956D46DE8}") = "Job", "Job", "{85ACE936-C870-42F5-9716-715C6DB1B773}"
EndProject
Project("{FAE04EC0-301F-11D3-BF4B-00C04F79EFBC}") = "Kay.Framework.Job", "Kay.Framework.Job\Kay.Framework.Job.csproj", "{3E03AAC6-61A7-4534-9104-4A439679FDD4}"
EndProject
Global
	GlobalSection(SolutionConfigurationPlatforms) = preSolution
		Debug|Any CPU = Debug|Any CPU
		Release|Any CPU = Release|Any CPU
	EndGlobalSection
	GlobalSection(ProjectConfigurationPlatforms) = postSolution
		{46408F9F-291A-4C59-A117-A38CCDE7169D}.Debug|Any CPU.ActiveCfg = Debug|Any CPU
		{46408F9F-291A-4C59-A117-A38CCDE7169D}.Debug|Any CPU.Build.0 = Debug|Any CPU
		{46408F9F-291A-4C59-A117-A38CCDE7169D}.Release|Any CPU.ActiveCfg = Release|Any CPU
		{46408F9F-291A-4C59-A117-A38CCDE7169D}.Release|Any CPU.Build.0 = Release|Any CPU
		{6E20E997-CAD7-4711-86FB-0F6A02267771}.Debug|Any CPU.ActiveCfg = Debug|Any CPU
		{6E20E997-CAD7-4711-86FB-0F6A02267771}.Debug|Any CPU.Build.0 = Debug|Any CPU
		{6E20E997-CAD7-4711-86FB-0F6A02267771}.Release|Any CPU.ActiveCfg = Release|Any CPU
		{6E20E997-CAD7-4711-86FB-0F6A02267771}.Release|Any CPU.Build.0 = Release|Any CPU
		{C466DE03-2B97-429E-9A5A-15D100222FE0}.Debug|Any CPU.ActiveCfg = Debug|Any CPU
		{C466DE03-2B97-429E-9A5A-15D100222FE0}.Debug|Any CPU.Build.0 = Debug|Any CPU
		{C466DE03-2B97-429E-9A5A-15D100222FE0}.Release|Any CPU.ActiveCfg = Release|Any CPU
		{C466DE03-2B97-429E-9A5A-15D100222FE0}.Release|Any CPU.Build.0 = Release|Any CPU
		{09A3D679-1617-4BD4-AD1F-57D2121C5EE4}.Debug|Any CPU.ActiveCfg = Debug|Any CPU
		{09A3D679-1617-4BD4-AD1F-57D2121C5EE4}.Debug|Any CPU.Build.0 = Debug|Any CPU
		{09A3D679-1617-4BD4-AD1F-57D2121C5EE4}.Release|Any CPU.ActiveCfg = Release|Any CPU
		{09A3D679-1617-4BD4-AD1F-57D2121C5EE4}.Release|Any CPU.Build.0 = Release|Any CPU
		{15024AF5-0530-4F18-A001-653705B30241}.Debug|Any CPU.ActiveCfg = Debug|Any CPU
		{15024AF5-0530-4F18-A001-653705B30241}.Debug|Any CPU.Build.0 = Debug|Any CPU
		{15024AF5-0530-4F18-A001-653705B30241}.Release|Any CPU.ActiveCfg = Release|Any CPU
		{15024AF5-0530-4F18-A001-653705B30241}.Release|Any CPU.Build.0 = Release|Any CPU
		{55CEE1A3-5FBA-44EA-8A7D-21B8B5E6E76B}.Debug|Any CPU.ActiveCfg = Debug|Any CPU
		{55CEE1A3-5FBA-44EA-8A7D-21B8B5E6E76B}.Debug|Any CPU.Build.0 = Debug|Any CPU
		{55CEE1A3-5FBA-44EA-8A7D-21B8B5E6E76B}.Release|Any CPU.ActiveCfg = Release|Any CPU
		{55CEE1A3-5FBA-44EA-8A7D-21B8B5E6E76B}.Release|Any CPU.Build.0 = Release|Any CPU
		{534D19BC-F581-4A6C-B7C3-66A87EDB532C}.Debug|Any CPU.ActiveCfg = Debug|Any CPU
		{534D19BC-F581-4A6C-B7C3-66A87EDB532C}.Debug|Any CPU.Build.0 = Debug|Any CPU
		{534D19BC-F581-4A6C-B7C3-66A87EDB532C}.Release|Any CPU.ActiveCfg = Release|Any CPU
		{534D19BC-F581-4A6C-B7C3-66A87EDB532C}.Release|Any CPU.Build.0 = Release|Any CPU
		{1B905C34-5DA2-4B23-8A40-310122C436C8}.Debug|Any CPU.ActiveCfg = Debug|Any CPU
		{1B905C34-5DA2-4B23-8A40-310122C436C8}.Debug|Any CPU.Build.0 = Debug|Any CPU
		{1B905C34-5DA2-4B23-8A40-310122C436C8}.Release|Any CPU.ActiveCfg = Release|Any CPU
		{1B905C34-5DA2-4B23-8A40-310122C436C8}.Release|Any CPU.Build.0 = Release|Any CPU
		{4B223F89-29A6-4313-8916-D6D72AF78DA6}.Debug|Any CPU.ActiveCfg = Debug|Any CPU
		{4B223F89-29A6-4313-8916-D6D72AF78DA6}.Debug|Any CPU.Build.0 = Debug|Any CPU
		{4B223F89-29A6-4313-8916-D6D72AF78DA6}.Release|Any CPU.ActiveCfg = Release|Any CPU
		{4B223F89-29A6-4313-8916-D6D72AF78DA6}.Release|Any CPU.Build.0 = Release|Any CPU
		{B1006FA6-89FD-4B73-A84E-7EDA3DDD86D6}.Debug|Any CPU.ActiveCfg = Debug|Any CPU
		{B1006FA6-89FD-4B73-A84E-7EDA3DDD86D6}.Debug|Any CPU.Build.0 = Debug|Any CPU
		{B1006FA6-89FD-4B73-A84E-7EDA3DDD86D6}.Release|Any CPU.ActiveCfg = Release|Any CPU
		{B1006FA6-89FD-4B73-A84E-7EDA3DDD86D6}.Release|Any CPU.Build.0 = Release|Any CPU
		{A4F9D7E0-09BE-40B2-A17B-BBC788CD8077}.Debug|Any CPU.ActiveCfg = Debug|Any CPU
		{A4F9D7E0-09BE-40B2-A17B-BBC788CD8077}.Debug|Any CPU.Build.0 = Debug|Any CPU
		{A4F9D7E0-09BE-40B2-A17B-BBC788CD8077}.Release|Any CPU.ActiveCfg = Release|Any CPU
		{A4F9D7E0-09BE-40B2-A17B-BBC788CD8077}.Release|Any CPU.Build.0 = Release|Any CPU
		{A95B3C4D-06B3-4CD3-B64A-445997BF2C6C}.Debug|Any CPU.ActiveCfg = Debug|Any CPU
		{A95B3C4D-06B3-4CD3-B64A-445997BF2C6C}.Debug|Any CPU.Build.0 = Debug|Any CPU
		{A95B3C4D-06B3-4CD3-B64A-445997BF2C6C}.Release|Any CPU.ActiveCfg = Release|Any CPU
		{A95B3C4D-06B3-4CD3-B64A-445997BF2C6C}.Release|Any CPU.Build.0 = Release|Any CPU
		{742339C9-3A4C-436D-905A-C38929A1C3DC}.Debug|Any CPU.ActiveCfg = Debug|Any CPU
		{742339C9-3A4C-436D-905A-C38929A1C3DC}.Debug|Any CPU.Build.0 = Debug|Any CPU
		{742339C9-3A4C-436D-905A-C38929A1C3DC}.Release|Any CPU.ActiveCfg = Release|Any CPU
		{742339C9-3A4C-436D-905A-C38929A1C3DC}.Release|Any CPU.Build.0 = Release|Any CPU
		{38277604-A4F8-45DE-9F2B-76167FACCDBD}.Debug|Any CPU.ActiveCfg = Debug|Any CPU
		{38277604-A4F8-45DE-9F2B-76167FACCDBD}.Debug|Any CPU.Build.0 = Debug|Any CPU
		{38277604-A4F8-45DE-9F2B-76167FACCDBD}.Release|Any CPU.ActiveCfg = Release|Any CPU
		{38277604-A4F8-45DE-9F2B-76167FACCDBD}.Release|Any CPU.Build.0 = Release|Any CPU
		{AEC089DA-FE11-43C4-8A50-49432D01C077}.Debug|Any CPU.ActiveCfg = Debug|Any CPU
		{AEC089DA-FE11-43C4-8A50-49432D01C077}.Debug|Any CPU.Build.0 = Debug|Any CPU
		{AEC089DA-FE11-43C4-8A50-49432D01C077}.Release|Any CPU.ActiveCfg = Release|Any CPU
		{AEC089DA-FE11-43C4-8A50-49432D01C077}.Release|Any CPU.Build.0 = Release|Any CPU
		{3A0B9778-307C-4722-9A2A-3D9783EB0D10}.Debug|Any CPU.ActiveCfg = Debug|Any CPU
		{3A0B9778-307C-4722-9A2A-3D9783EB0D10}.Debug|Any CPU.Build.0 = Debug|Any CPU
		{3A0B9778-307C-4722-9A2A-3D9783EB0D10}.Release|Any CPU.ActiveCfg = Release|Any CPU
		{3A0B9778-307C-4722-9A2A-3D9783EB0D10}.Release|Any CPU.Build.0 = Release|Any CPU
		{0850C82F-64F2-4A77-AD26-E6211BDA27EB}.Debug|Any CPU.ActiveCfg = Debug|Any CPU
		{0850C82F-64F2-4A77-AD26-E6211BDA27EB}.Debug|Any CPU.Build.0 = Debug|Any CPU
		{0850C82F-64F2-4A77-AD26-E6211BDA27EB}.Release|Any CPU.ActiveCfg = Release|Any CPU
		{0850C82F-64F2-4A77-AD26-E6211BDA27EB}.Release|Any CPU.Build.0 = Release|Any CPU
		{F8E7220F-7CB9-445A-A0BC-41C9F688E454}.Debug|Any CPU.ActiveCfg = Debug|Any CPU
		{F8E7220F-7CB9-445A-A0BC-41C9F688E454}.Debug|Any CPU.Build.0 = Debug|Any CPU
		{F8E7220F-7CB9-445A-A0BC-41C9F688E454}.Release|Any CPU.ActiveCfg = Release|Any CPU
		{F8E7220F-7CB9-445A-A0BC-41C9F688E454}.Release|Any CPU.Build.0 = Release|Any CPU
		{C09BB40B-BC74-47DB-A461-C10FCA20513E}.Debug|Any CPU.ActiveCfg = Debug|Any CPU
		{C09BB40B-BC74-47DB-A461-C10FCA20513E}.Debug|Any CPU.Build.0 = Debug|Any CPU
		{C09BB40B-BC74-47DB-A461-C10FCA20513E}.Release|Any CPU.ActiveCfg = Release|Any CPU
		{C09BB40B-BC74-47DB-A461-C10FCA20513E}.Release|Any CPU.Build.0 = Release|Any CPU
		{20C5957D-B992-4132-B39E-EA99331680A5}.Debug|Any CPU.ActiveCfg = Debug|Any CPU
		{20C5957D-B992-4132-B39E-EA99331680A5}.Debug|Any CPU.Build.0 = Debug|Any CPU
		{20C5957D-B992-4132-B39E-EA99331680A5}.Release|Any CPU.ActiveCfg = Release|Any CPU
		{20C5957D-B992-4132-B39E-EA99331680A5}.Release|Any CPU.Build.0 = Release|Any CPU
		{A86A478A-717A-4C69-B5E1-9DF58CC55723}.Debug|Any CPU.ActiveCfg = Debug|Any CPU
		{A86A478A-717A-4C69-B5E1-9DF58CC55723}.Debug|Any CPU.Build.0 = Debug|Any CPU
		{A86A478A-717A-4C69-B5E1-9DF58CC55723}.Release|Any CPU.ActiveCfg = Release|Any CPU
		{A86A478A-717A-4C69-B5E1-9DF58CC55723}.Release|Any CPU.Build.0 = Release|Any CPU
		{1035E0EC-7DC5-4E66-9B4C-C426046FED5E}.Debug|Any CPU.ActiveCfg = Debug|Any CPU
		{1035E0EC-7DC5-4E66-9B4C-C426046FED5E}.Debug|Any CPU.Build.0 = Debug|Any CPU
		{1035E0EC-7DC5-4E66-9B4C-C426046FED5E}.Release|Any CPU.ActiveCfg = Release|Any CPU
		{1035E0EC-7DC5-4E66-9B4C-C426046FED5E}.Release|Any CPU.Build.0 = Release|Any CPU
		{B6B5A06E-D68F-4F2D-91D9-FAF247F74995}.Debug|Any CPU.ActiveCfg = Debug|Any CPU
		{B6B5A06E-D68F-4F2D-91D9-FAF247F74995}.Debug|Any CPU.Build.0 = Debug|Any CPU
		{B6B5A06E-D68F-4F2D-91D9-FAF247F74995}.Release|Any CPU.ActiveCfg = Release|Any CPU
		{B6B5A06E-D68F-4F2D-91D9-FAF247F74995}.Release|Any CPU.Build.0 = Release|Any CPU
		{3E03AAC6-61A7-4534-9104-4A439679FDD4}.Debug|Any CPU.ActiveCfg = Debug|Any CPU
		{3E03AAC6-61A7-4534-9104-4A439679FDD4}.Debug|Any CPU.Build.0 = Debug|Any CPU
		{3E03AAC6-61A7-4534-9104-4A439679FDD4}.Release|Any CPU.ActiveCfg = Release|Any CPU
		{3E03AAC6-61A7-4534-9104-4A439679FDD4}.Release|Any CPU.Build.0 = Release|Any CPU
	EndGlobalSection
	GlobalSection(SolutionProperties) = preSolution
		HideSolutionNode = FALSE
	EndGlobalSection
	GlobalSection(NestedProjects) = preSolution
		{46408F9F-291A-4C59-A117-A38CCDE7169D} = {D13FEECE-930B-4858-A01E-7BD1508EF915}
		{6E20E997-CAD7-4711-86FB-0F6A02267771} = {D13FEECE-930B-4858-A01E-7BD1508EF915}
		{6E53F631-17CA-4B23-9283-642A37F29470} = {D13FEECE-930B-4858-A01E-7BD1508EF915}
		{C466DE03-2B97-429E-9A5A-15D100222FE0} = {89F9E7F4-63E5-4DC6-97A0-EFD899702989}
		{89F9E7F4-63E5-4DC6-97A0-EFD899702989} = {6E53F631-17CA-4B23-9283-642A37F29470}
		{09A3D679-1617-4BD4-AD1F-57D2121C5EE4} = {89F9E7F4-63E5-4DC6-97A0-EFD899702989}
		{15024AF5-0530-4F18-A001-653705B30241} = {6E53F631-17CA-4B23-9283-642A37F29470}
		{55CEE1A3-5FBA-44EA-8A7D-21B8B5E6E76B} = {D13FEECE-930B-4858-A01E-7BD1508EF915}
		{030A6595-34D9-477F-9EFB-49A3C169DC8A} = {D13FEECE-930B-4858-A01E-7BD1508EF915}
		{5BDB16EA-C3F2-4363-AEF5-D4A5649FC078} = {030A6595-34D9-477F-9EFB-49A3C169DC8A}
		{534D19BC-F581-4A6C-B7C3-66A87EDB532C} = {5BDB16EA-C3F2-4363-AEF5-D4A5649FC078}
		{1B905C34-5DA2-4B23-8A40-310122C436C8} = {5BDB16EA-C3F2-4363-AEF5-D4A5649FC078}
		{4B223F89-29A6-4313-8916-D6D72AF78DA6} = {198C4EE1-193E-48F7-8DEB-A4618EBF89E9}
		{B1006FA6-89FD-4B73-A84E-7EDA3DDD86D6} = {198C4EE1-193E-48F7-8DEB-A4618EBF89E9}
		{A4F9D7E0-09BE-40B2-A17B-BBC788CD8077} = {D13FEECE-930B-4858-A01E-7BD1508EF915}
		{A95B3C4D-06B3-4CD3-B64A-445997BF2C6C} = {D13FEECE-930B-4858-A01E-7BD1508EF915}
		{742339C9-3A4C-436D-905A-C38929A1C3DC} = {D13FEECE-930B-4858-A01E-7BD1508EF915}
		{38277604-A4F8-45DE-9F2B-76167FACCDBD} = {030A6595-34D9-477F-9EFB-49A3C169DC8A}
		{AEC089DA-FE11-43C4-8A50-49432D01C077} = {030A6595-34D9-477F-9EFB-49A3C169DC8A}
		{3A0B9778-307C-4722-9A2A-3D9783EB0D10} = {030A6595-34D9-477F-9EFB-49A3C169DC8A}
		{9FCF77FC-416F-4659-BF7B-94E0E591D146} = {978CD7F1-F1D8-4750-B00B-92195C12924A}
		{0038420E-0C0B-4A9A-B858-070AD8DA3029} = {978CD7F1-F1D8-4750-B00B-92195C12924A}
		{A5A6ED46-1DFF-4A0F-A7AB-CC40A40DF701} = {978CD7F1-F1D8-4750-B00B-92195C12924A}
		{0850C82F-64F2-4A77-AD26-E6211BDA27EB} = {978CD7F1-F1D8-4750-B00B-92195C12924A}
		{F8E7220F-7CB9-445A-A0BC-41C9F688E454} = {A5A6ED46-1DFF-4A0F-A7AB-CC40A40DF701}
		{C09BB40B-BC74-47DB-A461-C10FCA20513E} = {0038420E-0C0B-4A9A-B858-070AD8DA3029}
		{20C5957D-B992-4132-B39E-EA99331680A5} = {9FCF77FC-416F-4659-BF7B-94E0E591D146}
		{391A39A8-A36B-4C67-8F5B-5C1AD2198EFC} = {D13FEECE-930B-4858-A01E-7BD1508EF915}
		{A86A478A-717A-4C69-B5E1-9DF58CC55723} = {391A39A8-A36B-4C67-8F5B-5C1AD2198EFC}
		{DB7640D7-7F96-4735-B173-6652CACC053F} = {D13FEECE-930B-4858-A01E-7BD1508EF915}
		{1035E0EC-7DC5-4E66-9B4C-C426046FED5E} = {DB7640D7-7F96-4735-B173-6652CACC053F}
		{B6B5A06E-D68F-4F2D-91D9-FAF247F74995} = {A5A6ED46-1DFF-4A0F-A7AB-CC40A40DF701}
		{85ACE936-C870-42F5-9716-715C6DB1B773} = {D13FEECE-930B-4858-A01E-7BD1508EF915}
		{3E03AAC6-61A7-4534-9104-4A439679FDD4} = {85ACE936-C870-42F5-9716-715C6DB1B773}
	EndGlobalSection
	GlobalSection(ExtensibilityGlobals) = postSolution
		SolutionGuid = {49EF540E-B77C-4F82-BC5C-758362D48BB7}
	EndGlobalSection
EndGlobal
